
Microsoft Visual Studio Solution File, Format Version 12.00
# Visual Studio Version 17
VisualStudioVersion = 17.2.32630.192
MinimumVisualStudioVersion = 10.0.40219.1
Project("{FAE04EC0-301F-11D3-BF4B-00C04F79EFBC}") = "WDelivery_Bot", "WDelivery_Bot\WDelivery_Bot.csproj", "{AB9EB923-E530-4A4F-9E18-6893714D2233}"
EndProject
Global
	GlobalSection(SolutionConfigurationPlatforms) = preSolution
		Debug|Any CPU = Debug|Any CPU
		Release|Any CPU = Release|Any CPU
	EndGlobalSection
	GlobalSection(ProjectConfigurationPlatforms) = postSolution
		{AB9EB923-E530-4A4F-9E18-6893714D2233}.Debug|Any CPU.ActiveCfg = Debug|Any CPU
		{AB9EB923-E530-4A4F-9E18-6893714D2233}.Debug|Any CPU.Build.0 = Debug|Any CPU
		{AB9EB923-E530-4A4F-9E18-6893714D2233}.Release|Any CPU.ActiveCfg = Release|Any CPU
		{AB9EB923-E530-4A4F-9E18-6893714D2233}.Release|Any CPU.Build.0 = Release|Any CPU
	EndGlobalSection
	GlobalSection(SolutionProperties) = preSolution
		HideSolutionNode = FALSE
	EndGlobalSection
	GlobalSection(ExtensibilityGlobals) = postSolution
		SolutionGuid = {EFFAEE82-5B66-4B42-AD14-54F617D4C9F9}
	EndGlobalSection
EndGlobal
